
Microsoft Visual Studio Solution File, Format Version 12.00
# Visual Studio Version 16
VisualStudioVersion = 16.0.31911.196
MinimumVisualStudioVersion = 10.0.40219.1
Project("{FAE04EC0-301F-11D3-BF4B-00C04F79EFBC}") = "2DArray", "2DArray\2DArray.csproj", "{8F2D6325-72AC-4EC2-B19F-DC20F3E6718E}"
EndProject
Global
	GlobalSection(SolutionConfigurationPlatforms) = preSolution
		Debug|Any CPU = Debug|Any CPU
		Release|Any CPU = Release|Any CPU
	EndGlobalSection
	GlobalSection(ProjectConfigurationPlatforms) = postSolution
		{8F2D6325-72AC-4EC2-B19F-DC20F3E6718E}.Debug|Any CPU.ActiveCfg = Debug|Any CPU
		{8F2D6325-72AC-4EC2-B19F-DC20F3E6718E}.Debug|Any CPU.Build.0 = Debug|Any CPU
		{8F2D6325-72AC-4EC2-B19F-DC20F3E6718E}.Release|Any CPU.ActiveCfg = Release|Any CPU
		{8F2D6325-72AC-4EC2-B19F-DC20F3E6718E}.Release|Any CPU.Build.0 = Release|Any CPU
	EndGlobalSection
	GlobalSection(SolutionProperties) = preSolution
		HideSolutionNode = FALSE
	EndGlobalSection
	GlobalSection(ExtensibilityGlobals) = postSolution
		SolutionGuid = {47BCA670-749E-4AE7-BA1D-70DCAF918FB9}
	EndGlobalSection
EndGlobal
